hash: af029499f6e16c7cee9772b6986aad565499a7b0f319f0bcceeeb3156cd07c93
updated: 2017-10-29T00:54:55.245755628+03:00
imports:
- name: github.com/comail/colog
  version: fba8e7b1f46c3607f09760ce3880066e7ff57c5a
- name: github.com/elazarl/go-bindata-assetfs
  version: 30f82fa23fd844bd5bb1e5f216db87fd77b5eb43
- name: github.com/hpcloud/tail
  version: 37f4271387456dd1bf82ab1ad9229f060cc45386
  subpackages:
  - ratelimiter
  - util
  - watch
  - winfile
- name: github.com/jessevdk/go-flags
  version: f88afde2fa19a30cf50ba4b05b3d13bc6bae3079
- name: github.com/LeKovr/go-base
  version: e2d8736bc8139668383133219a93c877e04d3fb2
  subpackages:
  - log
- name: golang.org/x/net
  version: c73622c77280266305273cb545f54516ced95b93
  subpackages:
  - websocket
- name: gopkg.in/fsnotify.v1
  version: 7be54206639f256967dd82fa767397ba5f8f48f5
- name: gopkg.in/tomb.v1
  version: c131134a1947e9afd9cecfe11f4c6dff0732ae58
testImports: []
