github.com/LeKovr/go-kit/config v0.5.5 h1:1Z3K1iYKr/09/UXtrY0VhOmfuOpzsBSD+qqXmjNUeVE=
github.com/LeKovr/go-kit/config v0.5.5/go.mod h1:Lvw/H61Bf9G+IcmrCenin3YEK9p6Sp1E71mf1xeT8xo=
github.com/LeKovr/go-kit/logger v0.2.3 h1:WrgtGginyjHki1cTeYOHI/+Cn9PGRjrQWZyHXe+l6LU=
github.com/LeKovr/go-kit/logger v0.2.3/go.mod h1:gXhTOEQCJQSnOB301OiCKrdbgILm7h+49OgBitidACM=
github.com/LeKovr/go-kit/slogger v0.15.1 h1:4Iv+CInVSDHyFErt+xinhyAdpkWuxvByT0ufoi1AxtU=
github.com/LeKovr/go-kit/slogger v0.15.1/go.mod h1:2PzWT1nI6wE+limLRwhQuPL1UOQ6G6beIoNkS5Y7gBQ=
github.com/LeKovr/go-kit/ver v0.10.0 h1:jlPjDsWNv9K6ykWWzrrbalcmnO/FuH6IaIbz0enyJ2c=
github.com/LeKovr/go-kit/ver v0.10.0/go.mod h1:HjT1wf3CIa7L2/rysCCVjkUaKKtQ/pVJsngKz54lNao=
github.com/a8m/djson v0.0.0-20170509170705-c02c5aef757f h1:su5fhWd5UCmmRQEFPQPalJ304Qtcgk9ZDDnKnvpsraU=
github.com/a8m/djson v0.0.0-20170509170705-c02c5aef757f/go.mod h1:w3s8fnedJo6LJQ7dUUf1OcetqgS1hGpIDjY5bBowg1Y=
github.com/alecthomas/assert v1.0.0 h1:3XmGh/PSuLzDbK3W2gUbRXwgW5lqPkuqvRgeQ30FI5o=
github.com/alecthomas/assert v1.0.0/go.mod h1:va/d2JC+M7F6s+80kl/R3G7FUiW6JzUO+hPhLyJ36ZY=
github.com/alecthomas/assert/v2 v2.10.0 h1:jjRCHsj6hBJhkmhznrCzoNpbA3zqy0fYiUcYZP/GkPY=
github.com/alecthomas/assert/v2 v2.10.0/go.mod h1:Bze95FyfUr7x34QZrjL+XP+0qgp/zg8yS+TtBj1WA3k=
github.com/alecthomas/colour v0.1.0 h1:nOE9rJm6dsZ66RGWYSFrXw461ZIt9A6+nHgL7FRrDUk=
github.com/alecthomas/colour v0.1.0/go.mod h1:QO9JBoKquHd+jz9nshCh40fOfO+JzsoXy8qTHF68zU0=
github.com/alecthomas/repr v0.4.0 h1:GhI2A8MACjfegCPVq9f1FLvIBS+DrQ2KQBFZP1iFzXc=
github.com/alecthomas/repr v0.4.0/go.mod h1:Fr0507jx4eOXV7AlPV6AVZLYrLIuIeSOWtW57eE/O/4=
github.com/coreos/go-systemd/v22 v22.3.3-0.20220203105225-a9a7ef127534/go.mod h1:Y58oyj3AT4RCenI/lSvhwexgC+NSVTIJ3seZv2GcEnc=
github.com/creack/pty v1.1.9/go.mod h1:oKZEueFk5CKHvIhNR5MUki03XCEU+Q6VDXinZuGJ33E=
github.com/davecgh/go-spew v1.1.1 h1:vj9j/u1bqnvCEfJOwUhtlOARqs3+rkHYY13jYWTU97c=
github.com/davecgh/go-spew v1.1.1/go.mod h1:J7Y8YcW2NihsgmVo/mv3lAwl/skON4iLHjSsI+c5H38=
github.com/dc0d/dirwatch v0.4.3 h1:IUhae5tTS2y1d6dNAnE+YefqT/J/htncoae7gqtlQK0=
github.com/dc0d/dirwatch v0.4.3/go.mod h1:4wNUEWsMAfSX9uLxH5lkzfGFjoZgJ31bykXHHFr/l8A=
github.com/dc0d/retry v1.2.0 h1:8I4AOwjVfC1z6e9sZYekeGrHeg7DH7K58V6VXoIUKn8=
github.com/dc0d/retry v1.2.0/go.mod h1:40keYDLgOdt6RR70OTlC+Ud1rkUuI+mWRBJ6c06WYxc=
github.com/fsnotify/fsnotify v1.6.0 h1:n+5WquG0fcWoWp6xPWfHdbskMCQaFnG6PfBrh1Ky4HY=
github.com/fsnotify/fsnotify v1.6.0/go.mod h1:sl3t1tCWJFWoRz9R8WJCbQihKKwmorjAbSClcnxKAGw=
github.com/fukata/golang-stats-api-handler v1.0.0 h1:N6M25vhs1yAvwGBpFY6oBmMOZeJdcWnvA+wej8pKeko=
github.com/fukata/golang-stats-api-handler v1.0.0/go.mod h1:1sIi4/rHq6s/ednWMZqTmRq3765qTUSs/c3xF6lj8J8=
github.com/go-logr/logr v1.4.3 h1:CjnDlHq8ikf6E492q6eKboGOC0T8CDaOvkHCIg8idEI=
github.com/go-logr/logr v1.4.3/go.mod h1:9T104GzyrTigFIr8wt5mBrctHMim0Nb2HLGrmQ40KvY=
github.com/go-logr/stdr v1.2.2 h1:hSWxHoqTgW2S2qGc0LTAI563KZ5YKYRhT3MFKZMbjag=
github.com/go-logr/stdr v1.2.2/go.mod h1:mMo/vtBO5dYbehREoey6XUKy/eSumjCCveDpRre4VKE=
github.com/go-logr/zerologr v1.2.3 h1:up5N9vcH9Xck3jJkXzgyOxozT14R47IyDODz8LM1KSs=
github.com/go-logr/zerologr v1.2.3/go.mod h1:BxwGo7y5zgSHYR1BjbnHPyF/5ZjVKfKxAZANVu6E8Ho=
github.com/godbus/dbus/v5 v5.0.4/go.mod h1:xhWf0FNVPg57R7Z0UbKHbJfkEywrmjJnf7w5xrFpKfA=
github.com/google/go-cmp v0.6.0 h1:ofyhxvXcZhMsU5ulbFiLKl/XBFqE1GSq7atu8tAmTRI=
github.com/google/go-cmp v0.6.0/go.mod h1:17dUlkBOakJ0+DkrSSNjCkIjxS6bF9zb3elmeNGIjoY=
github.com/gorilla/websocket v1.5.3 h1:saDtZ6Pbx/0u+bgYQ3q96pZgCzfhKXGPqt7kZ72aNNg=
github.com/gorilla/websocket v1.5.3/go.mod h1:YR8l580nyteQvAITg2hZ9XVh4b55+EU/adAjf1fMHhE=
github.com/hexops/gotextdiff v1.0.3 h1:gitA9+qJrrTCsiCl7+kh75nPqQt1cx4ZkudSTLoUqJM=
github.com/hexops/gotextdiff v1.0.3/go.mod h1:pSWU5MAI3yDq+fZBTazCSJysOMbxWL1BSow5/V2vxeg=
github.com/jessevdk/go-flags v1.6.1 h1:Cvu5U8UGrLay1rZfv/zP7iLpSHGUZ/Ou68T0iX1bBK4=
github.com/jessevdk/go-flags v1.6.1/go.mod h1:Mk8T1hIAWpOiJiHa9rJASDK2UGWji0EuPGBnNLMooyc=
github.com/kr/pretty v0.1.0 h1:L/CwN0zerZDmRFUapSPitk6f+Q3+0za1rQkzVuMiMFI=
github.com/kr/pretty v0.1.0/go.mod h1:dAy3ld7l9f0ibDNOQOHHMYYIIbhfbHSm3C4ZsoJORNo=
github.com/kr/text v0.2.0 h1:5Nx0Ya0ZqY2ygV366QzturHI13Jq95ApcVaJBhpS+AY=
github.com/kr/text v0.2.0/go.mod h1:eLer722TekiGuMkidMxC/pM04lWEeraHUUmBw8l2grE=
github.com/lmittmann/tint v1.0.3 h1:W5PHeA2D8bBJVvabNfQD/XW9HPLZK1XoPZH0cq8NouQ=
github.com/lmittmann/tint v1.0.3/go.mod h1:HIS3gSy7qNwGCj+5oRjAutErFBl4BzdQP6cJZ0NfMwE=
github.com/mattn/go-colorable v0.1.12 h1:jF+Du6AlPIjs2BiUiQlKOX0rt3SujHxPnksPKZbaA40=
github.com/mattn/go-colorable v0.1.12/go.mod h1:u5H1YNBxpqRaxsYJYSkiCWKzEfiAb1Gb520KVy5xxl4=
github.com/mattn/go-isatty v0.0.14/go.mod h1:7GGIvUiUoEMVVmxf/4nioHXj79iQHKdU27kJ6hsGG94=
github.com/mattn/go-isatty v0.0.20 h1:xfD0iDuEKnDkl03q4limB+vH+GxLEtL/jb4xVJSWWEY=
github.com/mattn/go-isatty v0.0.20/go.mod h1:W+V8PltTTMOvKvAeJH7IuucS94S2C6jfK/D7dTCTo3Y=
github.com/nxadm/tail v1.4.11 h1:8feyoE3OzPrcshW5/MJ4sGESc5cqmGkGCWlco4l0bqY=
github.com/nxadm/tail v1.4.11/go.mod h1:OTaG3NK980DZzxbRq6lEuzgU+mug70nY11sMd4JXXHc=
github.com/pkg/errors v0.9.1 h1:FEBLx1zS214owpjy7qsBeixbURkuhQAwrK5UwLGTwt4=
github.com/pkg/errors v0.9.1/go.mod h1:bwawxfHBFNV+L2hUp1rHADufV3IMtnDRdf1r5NINEl0=
github.com/pmezard/go-difflib v1.0.0 h1:4DBwDE0NGyQoBHbLQYPwSUPoCMWR5BEzIk/f1lZbAQM=
github.com/pmezard/go-difflib v1.0.0/go.mod h1:iKH77koFhYxTK1pcRnkKkqfTogsbg7gZNVY4sRDYZ/4=
github.com/remychantenay/slog-otel v1.3.0 h1:mppL97agkmwR416lKzltRQ9QRhrPdxwVidt0AnI3Ts4=
github.com/remychantenay/slog-otel v1.3.0/go.mod h1:L2VAe6WOMAk/kRzzuv2B/rWe/IDXAhUNae0919b4kHU=
github.com/rs/xid v1.4.0/go.mod h1:trrq9SKmegXys3aeAKXMUTdJsYXVwGY3RLcfgqegfbg=
github.com/rs/zerolog v1.29.0 h1:Zes4hju04hjbvkVkOhdl2HpZa+0PmVwigmo8XoORE5w=
github.com/rs/zerolog v1.29.0/go.mod h1:NILgTygv/Uej1ra5XxGf82ZFSLk58MFGAUS2o6usyD0=
github.com/sergi/go-diff v1.2.0 h1:XU+rvMAioB0UC3q1MFrIQy4Vo5/4VsRDQQXHsEya6xQ=
github.com/sergi/go-diff v1.2.0/go.mod h1:STckp+ISIX8hZLjrqAeVduY0gWCT9IjLuqbuNXdaHfM=
github.com/stretchr/testify v1.11.1 h1:7s2iGBzp5EwR7/aIZr8ao5+dra3wiQyKjjFuvgVKu7U=
github.com/stretchr/testify v1.11.1/go.mod h1:wZwfW3scLgRK+23gO65QZefKpKQRnfz6sD981Nm4B6U=
go.opentelemetry.io/otel v1.24.0 h1:0LAOdjNmQeSTzGBzduGe/rU4tZhMwL5rWgtp9Ku5Jfo=
go.opentelemetry.io/otel v1.24.0/go.mod h1:W7b9Ozg4nkF5tWI5zsXkaKKDjdVjpD4oAt9Qi/MArHo=
go.opentelemetry.io/otel/metric v1.24.0 h1:6EhoGWWK28x1fbpA4tYTOWBkPefTDQnb8WSGXlc88kI=
go.opentelemetry.io/otel/metric v1.24.0/go.mod h1:VYhLe1rFfxuTXLgj4CBiyz+9WYBA8pNGJgDcSFRKBco=
go.opentelemetry.io/otel/sdk v1.24.0 h1:YMPPDNymmQN3ZgczicBY3B6sf9n62Dlj9pWD3ucgoDw=
go.opentelemetry.io/otel/sdk v1.24.0/go.mod h1:KVrIYw6tEubO9E96HQpcmpTKDVn9gdv35HoYiQWGDFg=
go.opentelemetry.io/otel/trace v1.24.0 h1:CsKnnL4dUAr/0llH9FKuc698G04IrpWV0MQA/Y1YELI=
go.opentelemetry.io/otel/trace v1.24.0/go.mod h1:HPc3Xr/cOApsBI154IU0OI0HJexz+aw5uPdbs3UCjNU=
golang.org/x/sys v0.0.0-20210630005230-0f9fa26af87c/go.mod h1:oPkhp1MJrh7nUepCBck5+mAzfO9JrbApNNgaTdGDITg=
golang.org/x/sys v0.0.0-20210927094055-39ccf1dd6fa6/go.mod h1:oPkhp1MJrh7nUepCBck5+mAzfO9JrbApNNgaTdGDITg=
golang.org/x/sys v0.0.0-20220908164124-27713097b956/go.mod h1:oPkhp1MJrh7nUepCBck5+mAzfO9JrbApNNgaTdGDITg=
golang.org/x/sys v0.6.0/go.mod h1:oPkhp1MJrh7nUepCBck5+mAzfO9JrbApNNgaTdGDITg=
golang.org/x/sys v0.21.0 h1:rF+pYz3DAGSQAxAu1CbC7catZg4ebC4UIeIhKxBZvws=
golang.org/x/sys v0.21.0/go.mod h1:/VUhepiaJMQUp4+oa/7Zr1D23ma6VTLIYjOOTFZPUcA=
golang.org/x/tools v0.11.0 h1:EMCa6U9S2LtZXLAMoWiR/R8dAQFRqbAitmbJ2UKhoi8=
golang.org/x/tools v0.11.0/go.mod h1:anzJrxPjNtfgiYQYirP2CPGzGLxrH2u2QBhn6Bf3qY8=
gopkg.in/check.v1 v0.0.0-20161208181325-20d25e280405/go.mod h1:Co6ibVJAznAaIkqp8huTwlJQCZ016jof/cbN4VW5Yz0=
gopkg.in/check.v1 v1.0.0-20190902080502-41f04d3bba15 h1:YR8cESwS4TdDjEe65xsg0ogRM/Nc3DYOhEAlW+xobZo=
gopkg.in/check.v1 v1.0.0-20190902080502-41f04d3bba15/go.mod h1:Co6ibVJAznAaIkqp8huTwlJQCZ016jof/cbN4VW5Yz0=
gopkg.in/tomb.v1 v1.0.0-20141024135613-dd632973f1e7 h1:uRGJdciOHaEIrze2W8Q3AKkepLTh2hOroT7a+7czfdQ=
gopkg.in/tomb.v1 v1.0.0-20141024135613-dd632973f1e7/go.mod h1:dt/ZhP58zS4L8KSrWDmTeBkI65Dw0HsyUHuEVlX15mw=
gopkg.in/yaml.v3 v3.0.1 h1:fxVm/GzAzEWqLHuvctI91KS9hhNmmWOoWu0XTYJS7CA=
gopkg.in/yaml.v3 v3.0.1/go.mod h1:K4uyk7z7BCEPqu6E+C64Yfv1cQ7kz7rIZviUmN+EgEM=
