github.com/LeKovr/go-base v0.0.0-20171028213907-e2d8736bc813 h1:93Ccc6bHhOqpf7eyJespL738/od01KaR4AVGzgJxIRE=
github.com/LeKovr/go-base v0.0.0-20171028213907-e2d8736bc813/go.mod h1:j/QWsrvOBBQm6Nh6nXciPsyEevORNF1N2CWvbjl1wqQ=
github.com/comail/colog v0.0.0-20160416085026-fba8e7b1f46c h1:bzYQ6WpR+t35/y19HUkolcg7SYeWZ15IclC9Z4naGHI=
github.com/comail/colog v0.0.0-20160416085026-fba8e7b1f46c/go.mod h1:1WwgAwMKQLYG5I2FBhpVx94YTOAuB2W59IZ7REjSE6Y=
github.com/elazarl/go-bindata-assetfs v1.0.0 h1:G/bYguwHIzWq9ZoyUQqrjTmJbbYn3j3CKKpKinvZLFk=
github.com/elazarl/go-bindata-assetfs v1.0.0/go.mod h1:v+YaWX3bdea5J/mo8dSETolEo7R71Vk1u8bnjau5yw4=
github.com/fukata/golang-stats-api-handler v1.0.0 h1:N6M25vhs1yAvwGBpFY6oBmMOZeJdcWnvA+wej8pKeko=
github.com/fukata/golang-stats-api-handler v1.0.0/go.mod h1:1sIi4/rHq6s/ednWMZqTmRq3765qTUSs/c3xF6lj8J8=
github.com/gorilla/websocket v1.2.1-0.20171210035353-cdedf21e585d h1:olGe1w/ukpSup5yNQItM9cM0hzCIEJBE1WJLXl6K7zk=
github.com/gorilla/websocket v1.2.1-0.20171210035353-cdedf21e585d/go.mod h1:E7qHFY5m1UJ88s3WnNqhKjPHQ0heANvMoAMk2YaljkQ=
github.com/hpcloud/tail v1.0.1-0.20170814160653-37f427138745 h1:8as8OQ+RF1QrsHvWWsKBtBKINhD9QaD1iozA1wrO4aA=
github.com/hpcloud/tail v1.0.1-0.20170814160653-37f427138745/go.mod h1:ab1qPbhIpdTxEkNHXyeSf5vhxWSCs/tWer42PpOxQnU=
github.com/jessevdk/go-flags v1.3.1-0.20170926144705-f88afde2fa19 h1:V362cshe8GxfPffWDeDUG9vylQzw3UP0okKLLC2g7Xg=
github.com/jessevdk/go-flags v1.3.1-0.20170926144705-f88afde2fa19/go.mod h1:4FA24M0QyGHXBuZZK/XkWh8h0e1EYbRYJSGM75WSRxI=
gopkg.in/fsnotify.v1 v1.2.1 h1:x2hwAFVlj5ptNfCIgr3KRZm9IQcKDCWJbQDO7QxUXOo=
gopkg.in/fsnotify.v1 v1.2.1/go.mod h1:Tz8NjZHkW78fSQdbUxIjBTcgA1z1m8ZHf0WmKUhAMys=
gopkg.in/tomb.v1 v1.0.0-20140529071818-c131134a1947 h1:aNEcl02ps/eZaBJi2LycKl0jPsUryySSSgrCxieZRYA=
gopkg.in/tomb.v1 v1.0.0-20140529071818-c131134a1947/go.mod h1:dt/ZhP58zS4L8KSrWDmTeBkI65Dw0HsyUHuEVlX15mw=
